<?xml version="1.0" encoding="UTF-8"?>
<Scheme
   LastUpgradeVersion = "0620"
   version = "2.0">
   <BuildAction
      parallelizeBuildables = "YES"
      buildImplicitDependencies = "YES">
      <BuildActionEntries>
         <BuildActionEntry
            buildForTesting = "YES"
            buildForRunning = "YES"
            buildForProfiling = "YES"
            buildForArchiving = "YES"
            buildForAnalyzing = "YES">
            <BuildableReference
               BuildableIdentifier = "primary"
               BlueprintIdentifier = "D3C712221A77E42500022F83"
               BuildableName = "WatchKitTutorial WatchKit App.app"
               BlueprintName = "WatchKitTutorial WatchKit App"
               ReferencedContainer = "container:WatchKitTutorial.xcodeproj">
            </BuildableReference>
         </BuildActionEntry>
         <BuildActionEntry
            buildForTesting = "YES"
            buildForRunning = "YES"
            buildForProfiling = "YES"
            buildForArchiving = "YES"
            buildForAnalyzing = "YES">
            <BuildableReference
               BuildableIdentifier = "primary"
               BlueprintIdentifier = "D3C712101A77E42500022F83"
               BuildableName = "WatchKitTutorial WatchKit Extension.appex"
               BlueprintName = "WatchKitTutorial WatchKit Extension"
               ReferencedContainer = "container:WatchKitTutorial.xcodeproj">
            </BuildableReference>
         </BuildActionEntry>
         <BuildActionEntry
            buildForTesting = "YES"
            buildForRunning = "YES"
            buildForProfiling = "YES"
            buildForArchiving = "YES"
            buildForAnalyzing = "YES">
            <BuildableReference
               BuildableIdentifier = "primary"
               BlueprintIdentifier = "D3C711E31A77E3E600022F83"
               BuildableName = "WatchKitTutorial.app"
               BlueprintName = "WatchKitTutorial"
               ReferencedContainer = "container:WatchKitTutorial.xcodeproj">
            </BuildableReference>
         </BuildActionEntry>
      </BuildActionEntries>
   </BuildAction>
   <TestAction
      selectedDebuggerIdentifier = "Xcode.DebuggerFoundation.Debugger.LLDB"
      selectedLauncherIdentifier = "Xcode.DebuggerFoundation.Launcher.LLDB"
      shouldUseLaunchSchemeArgsEnv = "YES"
      buildConfiguration = "Debug">
      <Testables>
      </Testables>
      <MacroExpansion>
         <BuildableReference
            BuildableIdentifier = "primary"
            BlueprintIdentifier = "D3C712221A77E42500022F83"
            BuildableName = "WatchKitTutorial WatchKit App.app"
            BlueprintName = "WatchKitTutorial WatchKit App"
            ReferencedContainer = "container:WatchKitTutorial.xcodeproj">
         </BuildableReference>
      </MacroExpansion>
   </TestAction>
   <LaunchAction
      selectedDebuggerIdentifier = "Xcode.DebuggerFoundation.Debugger.LLDB"
      selectedLauncherIdentifier = "Xcode.DebuggerFoundation.Launcher.LLDB"
      launchStyle = "0"
      useCustomWorkingDirectory = "NO"
      buildConfiguration = "Debug"
      ignoresPersistentStateOnLaunch = "NO"
      debugDocumentVersioning = "YES"
      allowLocationSimulation = "YES"
      launchAutomaticallySubstyle = "4"
      notificationPayloadFile = "WatchKitTutorial WatchKit Extension/PushNotificationPayload.apns">
      <RemoteRunnable
         runnableDebuggingMode = "2"
         BundleIdentifier = "com.apple.springboard"
         launchOptions = "4"
         RemotePath = "/WatchKitTutorial">
         <BuildableReference
            BuildableIdentifier = "primary"
            BlueprintIdentifier = "D3C712221A77E42500022F83"
            BuildableName = "WatchKitTutorial WatchKit App.app"
            BlueprintName = "WatchKitTutorial WatchKit App"
            ReferencedContainer = "container:WatchKitTutorial.xcodeproj">
         </BuildableReference>
      </RemoteRunnable>
      <MacroExpansion>
         <BuildableReference
            BuildableIdentifier = "primary"
            BlueprintIdentifier = "D3C712221A77E42500022F83"
            BuildableName = "WatchKitTutorial WatchKit App.app"
            BlueprintName = "WatchKitTutorial WatchKit App"
            ReferencedContainer = "container:WatchKitTutorial.xcodeproj">
         </BuildableReference>
      </MacroExpansion>
      <AdditionalOptions>
      </AdditionalOptions>
   </LaunchAction>
   <ProfileAction
      shouldUseLaunchSchemeArgsEnv = "YES"
      savedToolIdentifier = ""
      useCustomWorkingDirectory = "NO"
      buildConfiguration = "Release"
      debugDocumentVersioning = "YES">
      <MacroExpansion>
         <BuildableReference
            BuildableIdentifier = "primary"
            BlueprintIdentifier = "D3C712221A77E42500022F83"
            BuildableName = "WatchKitTutorial WatchKit App.app"
            BlueprintName = "WatchKitTutorial WatchKit App"
            ReferencedContainer = "container:WatchKitTutorial.xcodeproj">
         </BuildableReference>
      </MacroExpansion>
      <RemoteRunnable
         runnableDebuggingMode = "2"
         BundleIdentifier = "com.apple.springboard"
         RemotePath = "/WatchKitTutorial">
         <BuildableReference
            BuildableIdentifier = "primary"
            BlueprintIdentifier = "D3C712221A77E42500022F83"
            BuildableName = "WatchKitTutorial WatchKit App.app"
            BlueprintName = "WatchKitTutorial WatchKit App"
            ReferencedContainer = "container:WatchKitTutorial.xcodeproj">
         </BuildableReference>
      </RemoteRunnable>
   </ProfileAction>
   <AnalyzeAction
      buildConfiguration = "Debug">
   </AnalyzeAction>
   <ArchiveAction
      buildConfiguration = "Release"
      revealArchiveInOrganizer = "YES">
   </ArchiveAction>
</Scheme>
